{
  "originHash" : "33ef04ad5bda9753e535106d7fbd50ccf7f9cee679796dcfe4437abc5d47b0ec",
  "pins" : [
    {
      "identity" : "collectionconcurrencykit",
      "kind" : "remoteSourceControl",
      "location" : "https://github.com/ericlewis/CollectionConcurrencyKit",
      "state" : {
        "branch" : "main",
        "revision" : "329ad3da99ae7e56cd6ba550aed1c3c7a79a82a8"
      }
    },
    {
      "identity" : "sdwebimage",
      "kind" : "remoteSourceControl",
      "location" : "https://github.com/SDWebImage/SDWebImage.git",
      "state" : {
        "revision" : "5642d1ffe3dbe628592443bd14154e31929727b4",
        "version" : "5.19.2"
      }
    },
    {
      "identity" : "sdwebimageswiftui",
      "kind" : "remoteSourceControl",
      "location" : "https://github.com/SDWebImage/SDWebImageSwiftUI",
      "state" : {
        "revision" : "b7af5e6bd9c2987e41730400d1baad13d74a141a",
        "version" : "3.0.4"
      }
    },
    {
      "identity" : "swift-collections",
      "kind" : "remoteSourceControl",
      "location" : "https://github.com/apple/swift-collections.git",
      "state" : {
        "revision" : "94cf62b3ba8d4bed62680a282d4c25f9c63c2efb",
        "version" : "1.1.0"
      }
    }
  ],
  "version" : 3
}
