// !$*UTF8*$!
{
	archiveVersion = 1;
	classes = {
	};
	objectVersion = 56;
	objects = {

/* Begin PBXBuildFile section */
		561828562BDE02B900EDADF8 /* AddNoteView.swift in Sources */ = {isa = PBXBuildFile; fileRef = 561828552BDE02B900EDADF8 /* AddNoteView.swift */; };
		5618285A2BDE036600EDADF8 /* AccentColorView.swift in Sources */ = {isa = PBXBuildFile; fileRef = 561828592BDE036600EDADF8 /* AccentColorView.swift */; };
		5618285C2BDE038F00EDADF8 /* IconChangerView.swift in Sources */ = {isa = PBXBuildFile; fileRef = 5618285B2BDE038F00EDADF8 /* IconChangerView.swift */; };
		5618285E2BDE03AA00EDADF8 /* AppConstants.swift in Sources */ = {isa = PBXBuildFile; fileRef = 5618285D2BDE03AA00EDADF8 /* AppConstants.swift */; };
		561828602BDE045F00EDADF8 /* NavigationStore.swift in Sources */ = {isa = PBXBuildFile; fileRef = 5618285F2BDE045E00EDADF8 /* NavigationStore.swift */; };
		563EA6782BDCFB9C00FA645D /* ColorStore.swift in Sources */ = {isa = PBXBuildFile; fileRef = 563EA6772BDCFB9C00FA645D /* ColorStore.swift */; };
		6819B7F62BD85431009255A0 /* Ai_PinApp.swift in Sources */ = {isa = PBXBuildFile; fileRef = 6819B7F52BD85431009255A0 /* Ai_PinApp.swift */; };
		6819B7F82BD85431009255A0 /* ContentView.swift in Sources */ = {isa = PBXBuildFile; fileRef = 6819B7F72BD85431009255A0 /* ContentView.swift */; };
		6819B7FA2BD85432009255A0 /* Assets.xcassets in Resources */ = {isa = PBXBuildFile; fileRef = 6819B7F92BD85432009255A0 /* Assets.xcassets */; };
		6819B8052BDAA4C9009255A0 /* API.swift in Sources */ = {isa = PBXBuildFile; fileRef = 6819B8042BDAA4C9009255A0 /* API.swift */; };
		6819B8072BDAA4F2009255A0 /* Model.swift in Sources */ = {isa = PBXBuildFile; fileRef = 6819B8062BDAA4F2009255A0 /* Model.swift */; };
		6819B8092BDAA596009255A0 /* WifiQRCodeGenView.swift in Sources */ = {isa = PBXBuildFile; fileRef = 6819B8082BDAA596009255A0 /* WifiQRCodeGenView.swift */; };
		6819B80B2BDAA5AF009255A0 /* SettingsView.swift in Sources */ = {isa = PBXBuildFile; fileRef = 6819B80A2BDAA5AF009255A0 /* SettingsView.swift */; };
		6819B80D2BDAA98E009255A0 /* NotesView.swift in Sources */ = {isa = PBXBuildFile; fileRef = 6819B80C2BDAA98E009255A0 /* NotesView.swift */; };
		6819B80F2BDAAACA009255A0 /* AuthenticationWebView.swift in Sources */ = {isa = PBXBuildFile; fileRef = 6819B80E2BDAAACA009255A0 /* AuthenticationWebView.swift */; };
		6819B8182BDAAC37009255A0 /* NoteComposerView.swift in Sources */ = {isa = PBXBuildFile; fileRef = 6819B8172BDAAC37009255A0 /* NoteComposerView.swift */; };
		6819B81F2BDABCD7009255A0 /* AuthHandlerViewModifier.swift in Sources */ = {isa = PBXBuildFile; fileRef = 6819B81E2BDABCD7009255A0 /* AuthHandlerViewModifier.swift */; };
		6819B8212BDABE79009255A0 /* CapturesView.swift in Sources */ = {isa = PBXBuildFile; fileRef = 6819B8202BDABE79009255A0 /* CapturesView.swift */; };
		6819B8232BDABEAA009255A0 /* MyDataView.swift in Sources */ = {isa = PBXBuildFile; fileRef = 6819B8222BDABEAA009255A0 /* MyDataView.swift */; };
		6819B8252BDACC44009255A0 /* NavigationTitle.swift in Sources */ = {isa = PBXBuildFile; fileRef = 6819B8242BDACC44009255A0 /* NavigationTitle.swift */; };
		68C85B802BDCA6DD0029A408 /* CreateNoteIntent.swift in Sources */ = {isa = PBXBuildFile; fileRef = 68C85B7F2BDCA6DD0029A408 /* CreateNoteIntent.swift */; };
		68C85B832BDCB2670029A408 /* AnyCodable in Frameworks */ = {isa = PBXBuildFile; productRef = 68C85B822BDCB2670029A408 /* AnyCodable */; };
		68C85B852BDDF54E0029A408 /* UpdateNoteIntent.swift in Sources */ = {isa = PBXBuildFile; fileRef = 68C85B842BDDF54E0029A408 /* UpdateNoteIntent.swift */; };
/* End PBXBuildFile section */

/* Begin PBXFileReference section */
		561828552BDE02B900EDADF8 /* AddNoteView.swift */ = {isa = PBXFileReference; fileEncoding = 4; lastKnownFileType = sourcecode.swift; path = AddNoteView.swift; sourceTree = "<group>"; };
		561828592BDE036600EDADF8 /* AccentColorView.swift */ = {isa = PBXFileReference; fileEncoding = 4; lastKnownFileType = sourcecode.swift; path = AccentColorView.swift; sourceTree = "<group>"; };
		5618285B2BDE038F00EDADF8 /* IconChangerView.swift */ = {isa = PBXFileReference; fileEncoding = 4; lastKnownFileType = sourcecode.swift; path = IconChangerView.swift; sourceTree = "<group>"; };
		5618285D2BDE03AA00EDADF8 /* AppConstants.swift */ = {isa = PBXFileReference; fileEncoding = 4; lastKnownFileType = sourcecode.swift; path = AppConstants.swift; sourceTree = "<group>"; };
		5618285F2BDE045E00EDADF8 /* NavigationStore.swift */ = {isa = PBXFileReference; fileEncoding = 4; lastKnownFileType = sourcecode.swift; path = NavigationStore.swift; sourceTree = "<group>"; };
		563EA6772BDCFB9C00FA645D /* ColorStore.swift */ = {isa = PBXFileReference; lastKnownFileType = sourcecode.swift; path = ColorStore.swift; sourceTree = "<group>"; };
		6819B7F22BD85431009255A0 /* Ai Pin.app */ = {isa = PBXFileReference; explicitFileType = wrapper.application; includeInIndex = 0; path = "Ai Pin.app"; sourceTree = BUILT_PRODUCTS_DIR; };
		6819B7F52BD85431009255A0 /* Ai_PinApp.swift */ = {isa = PBXFileReference; lastKnownFileType = sourcecode.swift; path = Ai_PinApp.swift; sourceTree = "<group>"; };
		6819B7F72BD85431009255A0 /* ContentView.swift */ = {isa = PBXFileReference; lastKnownFileType = sourcecode.swift; path = ContentView.swift; sourceTree = "<group>"; };
		6819B7F92BD85432009255A0 /* Assets.xcassets */ = {isa = PBXFileReference; lastKnownFileType = folder.assetcatalog; path = Assets.xcassets; sourceTree = "<group>"; };
		6819B7FB2BD85432009255A0 /* Ai_Pin.entitlements */ = {isa = PBXFileReference; lastKnownFileType = text.plist.entitlements; path = Ai_Pin.entitlements; sourceTree = "<group>"; };
		6819B8042BDAA4C9009255A0 /* API.swift */ = {isa = PBXFileReference; lastKnownFileType = sourcecode.swift; path = API.swift; sourceTree = "<group>"; };
		6819B8062BDAA4F2009255A0 /* Model.swift */ = {isa = PBXFileReference; lastKnownFileType = sourcecode.swift; path = Model.swift; sourceTree = "<group>"; };
		6819B8082BDAA596009255A0 /* WifiQRCodeGenView.swift */ = {isa = PBXFileReference; lastKnownFileType = sourcecode.swift; path = WifiQRCodeGenView.swift; sourceTree = "<group>"; };
		6819B80A2BDAA5AF009255A0 /* SettingsView.swift */ = {isa = PBXFileReference; lastKnownFileType = sourcecode.swift; path = SettingsView.swift; sourceTree = "<group>"; };
		6819B80C2BDAA98E009255A0 /* NotesView.swift */ = {isa = PBXFileReference; lastKnownFileType = sourcecode.swift; path = NotesView.swift; sourceTree = "<group>"; };
		6819B80E2BDAAACA009255A0 /* AuthenticationWebView.swift */ = {isa = PBXFileReference; lastKnownFileType = sourcecode.swift; path = AuthenticationWebView.swift; sourceTree = "<group>"; };
		6819B8172BDAAC37009255A0 /* NoteComposerView.swift */ = {isa = PBXFileReference; lastKnownFileType = sourcecode.swift; path = NoteComposerView.swift; sourceTree = "<group>"; };
		6819B81E2BDABCD7009255A0 /* AuthHandlerViewModifier.swift */ = {isa = PBXFileReference; lastKnownFileType = sourcecode.swift; path = AuthHandlerViewModifier.swift; sourceTree = "<group>"; };
		6819B8202BDABE79009255A0 /* CapturesView.swift */ = {isa = PBXFileReference; lastKnownFileType = sourcecode.swift; path = CapturesView.swift; sourceTree = "<group>"; };
		6819B8222BDABEAA009255A0 /* MyDataView.swift */ = {isa = PBXFileReference; lastKnownFileType = sourcecode.swift; path = MyDataView.swift; sourceTree = "<group>"; };
		6819B8242BDACC44009255A0 /* NavigationTitle.swift */ = {isa = PBXFileReference; lastKnownFileType = sourcecode.swift; path = NavigationTitle.swift; sourceTree = "<group>"; };
		6819B82C2BDB5468009255A0 /* Ai-Pin-Info.plist */ = {isa = PBXFileReference; lastKnownFileType = text.plist.xml; name = "Ai-Pin-Info.plist"; path = "Ai Pin/Resources/Ai-Pin-Info.plist"; sourceTree = SOURCE_ROOT; };
		68C85B7F2BDCA6DD0029A408 /* CreateNoteIntent.swift */ = {isa = PBXFileReference; lastKnownFileType = sourcecode.swift; path = CreateNoteIntent.swift; sourceTree = "<group>"; };
		68C85B842BDDF54E0029A408 /* UpdateNoteIntent.swift */ = {isa = PBXFileReference; lastKnownFileType = sourcecode.swift; path = UpdateNoteIntent.swift; sourceTree = "<group>"; };
/* End PBXFileReference section */

/* Begin PBXFrameworksBuildPhase section */
		6819B7EF2BD85431009255A0 /* Frameworks */ = {
			isa = PBXFrameworksBuildPhase;
			buildActionMask = 2147483647;
			files = (
				68C85B832BDCB2670029A408 /* AnyCodable in Frameworks */,
			);
			runOnlyForDeploymentPostprocessing = 0;
		};
/* End PBXFrameworksBuildPhase section */

/* Begin PBXGroup section */
		563EA6722BDCE9EF00FA645D /* Settings */ = {
			isa = PBXGroup;
			children = (
				5618285B2BDE038F00EDADF8 /* IconChangerView.swift */,
				561828592BDE036600EDADF8 /* AccentColorView.swift */,
			);
			path = Settings;
			sourceTree = "<group>";
		};
		563EA6792BDD85E400FA645D /* Notes */ = {
			isa = PBXGroup;
			children = (
				561828552BDE02B900EDADF8 /* AddNoteView.swift */,
				6819B80C2BDAA98E009255A0 /* NotesView.swift */,
			);
			path = Notes;
			sourceTree = "<group>";
		};
		6819B7E92BD85431009255A0 = {
			isa = PBXGroup;
			children = (
				6819B7F42BD85431009255A0 /* Ai Pin */,
				6819B7F32BD85431009255A0 /* Products */,
				6819B8292BDB5451009255A0 /* Frameworks */,
			);
			sourceTree = "<group>";
		};
		6819B7F32BD85431009255A0 /* Products */ = {
			isa = PBXGroup;
			children = (
				6819B7F22BD85431009255A0 /* Ai Pin.app */,
			);
			name = Products;
			sourceTree = "<group>";
		};
		6819B7F42BD85431009255A0 /* Ai Pin */ = {
			isa = PBXGroup;
			children = (
				68C85B7C2BDCA5CC0029A408 /* Intents */,
				68C85B7B2BDCA1BE0029A408 /* Resources */,
				6819B7F52BD85431009255A0 /* Ai_PinApp.swift */,
				6819B8162BDAAC04009255A0 /* API */,
				6819B81D2BDABCCE009255A0 /* Modifiers */,
				6819B8102BDAABC7009255A0 /* Stores */,
				6819B8152BDAABF0009255A0 /* Views */,
			);
			path = "Ai Pin";
			sourceTree = "<group>";
		};
		6819B8102BDAABC7009255A0 /* Stores */ = {
			isa = PBXGroup;
			children = (
				5618285F2BDE045E00EDADF8 /* NavigationStore.swift */,
				5618285D2BDE03AA00EDADF8 /* AppConstants.swift */,
				563EA6772BDCFB9C00FA645D /* ColorStore.swift */,
			);
			path = Stores;
			sourceTree = "<group>";
		};
		6819B8152BDAABF0009255A0 /* Views */ = {
			isa = PBXGroup;
			children = (
				563EA6792BDD85E400FA645D /* Notes */,
				563EA6722BDCE9EF00FA645D /* Settings */,
				6819B7F72BD85431009255A0 /* ContentView.swift */,
				6819B8082BDAA596009255A0 /* WifiQRCodeGenView.swift */,
				6819B80A2BDAA5AF009255A0 /* SettingsView.swift */,
				6819B80E2BDAAACA009255A0 /* AuthenticationWebView.swift */,
				6819B8172BDAAC37009255A0 /* NoteComposerView.swift */,
				6819B8202BDABE79009255A0 /* CapturesView.swift */,
				6819B8222BDABEAA009255A0 /* MyDataView.swift */,
			);
			path = Views;
			sourceTree = "<group>";
		};
		6819B8162BDAAC04009255A0 /* API */ = {
			isa = PBXGroup;
			children = (
				6819B8042BDAA4C9009255A0 /* API.swift */,
				6819B8062BDAA4F2009255A0 /* Model.swift */,
			);
			path = API;
			sourceTree = "<group>";
		};
		6819B81D2BDABCCE009255A0 /* Modifiers */ = {
			isa = PBXGroup;
			children = (
				6819B81E2BDABCD7009255A0 /* AuthHandlerViewModifier.swift */,
				6819B8242BDACC44009255A0 /* NavigationTitle.swift */,
			);
			path = Modifiers;
			sourceTree = "<group>";
		};
		6819B8292BDB5451009255A0 /* Frameworks */ = {
			isa = PBXGroup;
			children = (
			);
			name = Frameworks;
			sourceTree = "<group>";
		};
		68C85B7B2BDCA1BE0029A408 /* Resources */ = {
			isa = PBXGroup;
			children = (
				6819B7FB2BD85432009255A0 /* Ai_Pin.entitlements */,
				6819B7F92BD85432009255A0 /* Assets.xcassets */,
				6819B82C2BDB5468009255A0 /* Ai-Pin-Info.plist */,
			);
			path = Resources;
			sourceTree = "<group>";
		};
		68C85B7C2BDCA5CC0029A408 /* Intents */ = {
			isa = PBXGroup;
			children = (
				68C85B7F2BDCA6DD0029A408 /* CreateNoteIntent.swift */,
				68C85B842BDDF54E0029A408 /* UpdateNoteIntent.swift */,
			);
			path = Intents;
			sourceTree = "<group>";
		};
/* End PBXGroup section */

/* Begin PBXNativeTarget section */
		6819B7F12BD85431009255A0 /* Ai Pin */ = {
			isa = PBXNativeTarget;
			buildConfigurationList = 6819B8012BD85432009255A0 /* Build configuration list for PBXNativeTarget "Ai Pin" */;
			buildPhases = (
				6819B7EE2BD85431009255A0 /* Sources */,
				6819B7EF2BD85431009255A0 /* Frameworks */,
				6819B7F02BD85431009255A0 /* Resources */,
			);
			buildRules = (
			);
			dependencies = (
			);
			name = "Ai Pin";
			packageProductDependencies = (
				68C85B822BDCB2670029A408 /* AnyCodable */,
			);
			productName = "Ai Pin";
			productReference = 6819B7F22BD85431009255A0 /* Ai Pin.app */;
			productType = "com.apple.product-type.application";
		};
/* End PBXNativeTarget section */

/* Begin PBXProject section */
		6819B7EA2BD85431009255A0 /* Project object */ = {
			isa = PBXProject;
			attributes = {
				BuildIndependentTargetsInParallel = 1;
				LastSwiftUpdateCheck = 1530;
				LastUpgradeCheck = 1530;
				TargetAttributes = {
					6819B7F12BD85431009255A0 = {
						CreatedOnToolsVersion = 15.3;
					};
				};
			};
			buildConfigurationList = 6819B7ED2BD85431009255A0 /* Build configuration list for PBXProject "Ai Pin" */;
			compatibilityVersion = "Xcode 14.0";
			developmentRegion = en;
			hasScannedForEncodings = 0;
			knownRegions = (
				en,
				Base,
			);
			mainGroup = 6819B7E92BD85431009255A0;
			packageReferences = (
				68C85B812BDCB2670029A408 /* XCRemoteSwiftPackageReference "AnyCodable" */,
			);
			productRefGroup = 6819B7F32BD85431009255A0 /* Products */;
			projectDirPath = "";
			projectRoot = "";
			targets = (
				6819B7F12BD85431009255A0 /* Ai Pin */,
			);
		};
/* End PBXProject section */

/* Begin PBXResourcesBuildPhase section */
		6819B7F02BD85431009255A0 /* Resources */ = {
			isa = PBXResourcesBuildPhase;
			buildActionMask = 2147483647;
			files = (
				6819B7FA2BD85432009255A0 /* Assets.xcassets in Resources */,
			);
			runOnlyForDeploymentPostprocessing = 0;
		};
/* End PBXResourcesBuildPhase section */

/* Begin PBXSourcesBuildPhase section */
		6819B7EE2BD85431009255A0 /* Sources */ = {
			isa = PBXSourcesBuildPhase;
			buildActionMask = 2147483647;
			files = (
				6819B80D2BDAA98E009255A0 /* NotesView.swift in Sources */,
				6819B7F82BD85431009255A0 /* ContentView.swift in Sources */,
				6819B8252BDACC44009255A0 /* NavigationTitle.swift in Sources */,
				563EA6782BDCFB9C00FA645D /* ColorStore.swift in Sources */,
				5618285E2BDE03AA00EDADF8 /* AppConstants.swift in Sources */,
				6819B8052BDAA4C9009255A0 /* API.swift in Sources */,
				561828602BDE045F00EDADF8 /* NavigationStore.swift in Sources */,
				6819B7F62BD85431009255A0 /* Ai_PinApp.swift in Sources */,
				6819B8212BDABE79009255A0 /* CapturesView.swift in Sources */,
				6819B8232BDABEAA009255A0 /* MyDataView.swift in Sources */,
				68C85B802BDCA6DD0029A408 /* CreateNoteIntent.swift in Sources */,
				561828562BDE02B900EDADF8 /* AddNoteView.swift in Sources */,
				6819B8182BDAAC37009255A0 /* NoteComposerView.swift in Sources */,
				6819B80B2BDAA5AF009255A0 /* SettingsView.swift in Sources */,
				5618285C2BDE038F00EDADF8 /* IconChangerView.swift in Sources */,
				6819B81F2BDABCD7009255A0 /* AuthHandlerViewModifier.swift in Sources */,
				6819B8072BDAA4F2009255A0 /* Model.swift in Sources */,
				68C85B852BDDF54E0029A408 /* UpdateNoteIntent.swift in Sources */,
				6819B8092BDAA596009255A0 /* WifiQRCodeGenView.swift in Sources */,
				6819B80F2BDAAACA009255A0 /* AuthenticationWebView.swift in Sources */,
				5618285A2BDE036600EDADF8 /* AccentColorView.swift in Sources */,
			);
			runOnlyForDeploymentPostprocessing = 0;
		};
/* End PBXSourcesBuildPhase section */

/* Begin XCBuildConfiguration section */
		6819B7FF2BD85432009255A0 /* Debug */ = {
			isa = XCBuildConfiguration;
			buildSettings = {
				ALWAYS_SEARCH_USER_PATHS = NO;
				ASSETCATALOG_COMPILER_GENERATE_SWIFT_ASSET_SYMBOL_EXTENSIONS = YES;
				CLANG_ANALYZER_NONNULL = YES;
				CLANG_ANALYZER_NUMBER_OBJECT_CONVERSION = YES_AGGRESSIVE;
				CLANG_CXX_LANGUAGE_STANDARD = "gnu++20";
				CLANG_ENABLE_MODULES = YES;
				CLANG_ENABLE_OBJC_ARC = YES;
				CLANG_ENABLE_OBJC_WEAK = YES;
				CLANG_WARN_BLOCK_CAPTURE_AUTORELEASING = YES;
				CLANG_WARN_BOOL_CONVERSION = YES;
				CLANG_WARN_COMMA = YES;
				CLANG_WARN_CONSTANT_CONVERSION = YES;
				CLANG_WARN_DEPRECATED_OBJC_IMPLEMENTATIONS = YES;
				CLANG_WARN_DIRECT_OBJC_ISA_USAGE = YES_ERROR;
				CLANG_WARN_DOCUMENTATION_COMMENTS = YES;
				CLANG_WARN_EMPTY_BODY = YES;
				CLANG_WARN_ENUM_CONVERSION = YES;
				CLANG_WARN_INFINITE_RECURSION = YES;
				CLANG_WARN_INT_CONVERSION = YES;
				CLANG_WARN_NON_LITERAL_NULL_CONVERSION = YES;
				CLANG_WARN_OBJC_IMPLICIT_RETAIN_SELF = YES;
				CLANG_WARN_OBJC_LITERAL_CONVERSION = YES;
				CLANG_WARN_OBJC_ROOT_CLASS = YES_ERROR;
				CLANG_WARN_QUOTED_INCLUDE_IN_FRAMEWORK_HEADER = YES;
				CLANG_WARN_RANGE_LOOP_ANALYSIS = YES;
				CLANG_WARN_STRICT_PROTOTYPES = YES;
				CLANG_WARN_SUSPICIOUS_MOVE = YES;
				CLANG_WARN_UNGUARDED_AVAILABILITY = YES_AGGRESSIVE;
				CLANG_WARN_UNREACHABLE_CODE = YES;
				CLANG_WARN__DUPLICATE_METHOD_MATCH = YES;
				COPY_PHASE_STRIP = NO;
				DEBUG_INFORMATION_FORMAT = dwarf;
				ENABLE_STRICT_OBJC_MSGSEND = YES;
				ENABLE_TESTABILITY = YES;
				ENABLE_USER_SCRIPT_SANDBOXING = YES;
				GCC_C_LANGUAGE_STANDARD = gnu17;
				GCC_DYNAMIC_NO_PIC = NO;
				GCC_NO_COMMON_BLOCKS = YES;
				GCC_OPTIMIZATION_LEVEL = 0;
				GCC_PREPROCESSOR_DEFINITIONS = (
					"DEBUG=1",
					"$(inherited)",
				);
				GCC_WARN_64_TO_32_BIT_CONVERSION = YES;
				GCC_WARN_ABOUT_RETURN_TYPE = YES_ERROR;
				GCC_WARN_UNDECLARED_SELECTOR = YES;
				GCC_WARN_UNINITIALIZED_AUTOS = YES_AGGRESSIVE;
				GCC_WARN_UNUSED_FUNCTION = YES;
				GCC_WARN_UNUSED_VARIABLE = YES;
				LOCALIZATION_PREFERS_STRING_CATALOGS = YES;
				MTL_ENABLE_DEBUG_INFO = INCLUDE_SOURCE;
				MTL_FAST_MATH = YES;
				ONLY_ACTIVE_ARCH = YES;
				SWIFT_ACTIVE_COMPILATION_CONDITIONS = "DEBUG $(inherited)";
				SWIFT_OPTIMIZATION_LEVEL = "-Onone";
			};
			name = Debug;
		};
		6819B8002BD85432009255A0 /* Release */ = {
			isa = XCBuildConfiguration;
			buildSettings = {
				ALWAYS_SEARCH_USER_PATHS = NO;
				ASSETCATALOG_COMPILER_GENERATE_SWIFT_ASSET_SYMBOL_EXTENSIONS = YES;
				CLANG_ANALYZER_NONNULL = YES;
				CLANG_ANALYZER_NUMBER_OBJECT_CONVERSION = YES_AGGRESSIVE;
				CLANG_CXX_LANGUAGE_STANDARD = "gnu++20";
				CLANG_ENABLE_MODULES = YES;
				CLANG_ENABLE_OBJC_ARC = YES;
				CLANG_ENABLE_OBJC_WEAK = YES;
				CLANG_WARN_BLOCK_CAPTURE_AUTORELEASING = YES;
				CLANG_WARN_BOOL_CONVERSION = YES;
				CLANG_WARN_COMMA = YES;
				CLANG_WARN_CONSTANT_CONVERSION = YES;
				CLANG_WARN_DEPRECATED_OBJC_IMPLEMENTATIONS = YES;
				CLANG_WARN_DIRECT_OBJC_ISA_USAGE = YES_ERROR;
				CLANG_WARN_DOCUMENTATION_COMMENTS = YES;
				CLANG_WARN_EMPTY_BODY = YES;
				CLANG_WARN_ENUM_CONVERSION = YES;
				CLANG_WARN_INFINITE_RECURSION = YES;
				CLANG_WARN_INT_CONVERSION = YES;
				CLANG_WARN_NON_LITERAL_NULL_CONVERSION = YES;
				CLANG_WARN_OBJC_IMPLICIT_RETAIN_SELF = YES;
				CLANG_WARN_OBJC_LITERAL_CONVERSION = YES;
				CLANG_WARN_OBJC_ROOT_CLASS = YES_ERROR;
				CLANG_WARN_QUOTED_INCLUDE_IN_FRAMEWORK_HEADER = YES;
				CLANG_WARN_RANGE_LOOP_ANALYSIS = YES;
				CLANG_WARN_STRICT_PROTOTYPES = YES;
				CLANG_WARN_SUSPICIOUS_MOVE = YES;
				CLANG_WARN_UNGUARDED_AVAILABILITY = YES_AGGRESSIVE;
				CLANG_WARN_UNREACHABLE_CODE = YES;
				CLANG_WARN__DUPLICATE_METHOD_MATCH = YES;
				COPY_PHASE_STRIP = NO;
				DEBUG_INFORMATION_FORMAT = "dwarf-with-dsym";
				ENABLE_NS_ASSERTIONS = NO;
				ENABLE_STRICT_OBJC_MSGSEND = YES;
				ENABLE_USER_SCRIPT_SANDBOXING = YES;
				GCC_C_LANGUAGE_STANDARD = gnu17;
				GCC_NO_COMMON_BLOCKS = YES;
				GCC_WARN_64_TO_32_BIT_CONVERSION = YES;
				GCC_WARN_ABOUT_RETURN_TYPE = YES_ERROR;
				GCC_WARN_UNDECLARED_SELECTOR = YES;
				GCC_WARN_UNINITIALIZED_AUTOS = YES_AGGRESSIVE;
				GCC_WARN_UNUSED_FUNCTION = YES;
				GCC_WARN_UNUSED_VARIABLE = YES;
				LOCALIZATION_PREFERS_STRING_CATALOGS = YES;
				MTL_ENABLE_DEBUG_INFO = NO;
				MTL_FAST_MATH = YES;
				SWIFT_COMPILATION_MODE = wholemodule;
			};
			name = Release;
		};
		6819B8022BD85432009255A0 /* Debug */ = {
			isa = XCBuildConfiguration;
			buildSettings = {
				ASSETCATALOG_COMPILER_APPICON_NAME = AppIcon;
				ASSETCATALOG_COMPILER_GLOBAL_ACCENT_COLOR_NAME = AccentColor;
				ASSETCATALOG_COMPILER_INCLUDE_ALL_APPICON_ASSETS = YES;
				CODE_SIGN_ENTITLEMENTS = "Ai Pin/Resources/Ai_Pin.entitlements";
				CODE_SIGN_STYLE = Automatic;
				CURRENT_PROJECT_VERSION = 1;
				DEVELOPMENT_TEAM = 6CXRQS8B7G;
				ENABLE_HARDENED_RUNTIME = YES;
				ENABLE_PREVIEWS = YES;
				GENERATE_INFOPLIST_FILE = YES;
				INFOPLIST_FILE = "Ai Pin/Resources/Ai-Pin-Info.plist";
				INFOPLIST_KEY_NSPhotoLibraryAddUsageDescription = "Save Ai Pin captures.";
				"INFOPLIST_KEY_UIApplicationSceneManifest_Generation[sdk=iphoneos*]" = YES;
				"INFOPLIST_KEY_UIApplicationSceneManifest_Generation[sdk=iphonesimulator*]" = YES;
				"INFOPLIST_KEY_UIApplicationSupportsIndirectInputEvents[sdk=iphoneos*]" = YES;
				"INFOPLIST_KEY_UIApplicationSupportsIndirectInputEvents[sdk=iphonesimulator*]" = YES;
				"INFOPLIST_KEY_UILaunchScreen_Generation[sdk=iphoneos*]" = YES;
				"INFOPLIST_KEY_UILaunchScreen_Generation[sdk=iphonesimulator*]" = YES;
				"INFOPLIST_KEY_UIStatusBarStyle[sdk=iphoneos*]" = UIStatusBarStyleDefault;
				"INFOPLIST_KEY_UIStatusBarStyle[sdk=iphonesimulator*]" = UIStatusBarStyleDefault;
				INFOPLIST_KEY_UISupportedInterfaceOrientations_iPad = "UIInterfaceOrientationPortrait UIInterfaceOrientationPortraitUpsideDown UIInterfaceOrientationLandscapeLeft UIInterfaceOrientationLandscapeRight";
				INFOPLIST_KEY_UISupportedInterfaceOrientations_iPhone = "UIInterfaceOrientationPortrait UIInterfaceOrientationLandscapeLeft UIInterfaceOrientationLandscapeRight";
				IPHONEOS_DEPLOYMENT_TARGET = 17.4;
				LD_RUNPATH_SEARCH_PATHS = "@executable_path/Frameworks";
				"LD_RUNPATH_SEARCH_PATHS[sdk=macosx*]" = "@executable_path/../Frameworks";
				MACOSX_DEPLOYMENT_TARGET = 14.4;
				MARKETING_VERSION = 1.0;
				PRODUCT_BUNDLE_IDENTIFIER = "com.ericlewis.Ai-Pin";
				PRODUCT_NAME = "$(TARGET_NAME)";
				SDKROOT = auto;
				SUPPORTED_PLATFORMS = "iphoneos iphonesimulator";
				SUPPORTS_MACCATALYST = NO;
				SUPPORTS_MAC_DESIGNED_FOR_IPHONE_IPAD = YES;
				SWIFT_EMIT_LOC_STRINGS = YES;
				SWIFT_VERSION = 5.0;
				TARGETED_DEVICE_FAMILY = "1,2";
			};
			name = Debug;
		};
		6819B8032BD85432009255A0 /* Release */ = {
			isa = XCBuildConfiguration;
			buildSettings = {
				"ASSETCATALOG_COMPILER_ALTERNATE_APPICON_NAMES[sdk=*]" = "AppIcon StarIcon SensorsIcon LogoIconDark DeviceIcon TextLogoDark TextLogoLight";
				ASSETCATALOG_COMPILER_APPICON_NAME = AppIcon;
				ASSETCATALOG_COMPILER_GLOBAL_ACCENT_COLOR_NAME = AccentColor;
				ASSETCATALOG_COMPILER_INCLUDE_ALL_APPICON_ASSETS = YES;
				CODE_SIGN_ENTITLEMENTS = "Ai Pin/Resources/Ai_Pin.entitlements";
				CODE_SIGN_STYLE = Automatic;
				CURRENT_PROJECT_VERSION = 1;
				DEVELOPMENT_TEAM = 6CXRQS8B7G;
				ENABLE_HARDENED_RUNTIME = YES;
				ENABLE_PREVIEWS = YES;
				GENERATE_INFOPLIST_FILE = YES;
				INFOPLIST_FILE = "Ai Pin/Resources/Ai-Pin-Info.plist";
				INFOPLIST_KEY_NSPhotoLibraryAddUsageDescription = "Save Ai Pin captures.";
				"INFOPLIST_KEY_UIApplicationSceneManifest_Generation[sdk=iphoneos*]" = YES;
				"INFOPLIST_KEY_UIApplicationSceneManifest_Generation[sdk=iphonesimulator*]" = YES;
				"INFOPLIST_KEY_UIApplicationSupportsIndirectInputEvents[sdk=iphoneos*]" = YES;
				"INFOPLIST_KEY_UIApplicationSupportsIndirectInputEvents[sdk=iphonesimulator*]" = YES;
				"INFOPLIST_KEY_UILaunchScreen_Generation[sdk=iphoneos*]" = YES;
				"INFOPLIST_KEY_UILaunchScreen_Generation[sdk=iphonesimulator*]" = YES;
				"INFOPLIST_KEY_UIStatusBarStyle[sdk=iphoneos*]" = UIStatusBarStyleDefault;
				"INFOPLIST_KEY_UIStatusBarStyle[sdk=iphonesimulator*]" = UIStatusBarStyleDefault;
				INFOPLIST_KEY_UISupportedInterfaceOrientations_iPad = "UIInterfaceOrientationPortrait UIInterfaceOrientationPortraitUpsideDown UIInterfaceOrientationLandscapeLeft UIInterfaceOrientationLandscapeRight";
				INFOPLIST_KEY_UISupportedInterfaceOrientations_iPhone = "UIInterfaceOrientationPortrait UIInterfaceOrientationLandscapeLeft UIInterfaceOrientationLandscapeRight";
				IPHONEOS_DEPLOYMENT_TARGET = 17.4;
				LD_RUNPATH_SEARCH_PATHS = "@executable_path/Frameworks";
				"LD_RUNPATH_SEARCH_PATHS[sdk=macosx*]" = "@executable_path/../Frameworks";
				MACOSX_DEPLOYMENT_TARGET = 14.4;
				MARKETING_VERSION = 1.0;
				PRODUCT_BUNDLE_IDENTIFIER = "com.ericlewis.Ai-Pin";
				PRODUCT_NAME = "$(TARGET_NAME)";
				SDKROOT = auto;
				SUPPORTED_PLATFORMS = "iphoneos iphonesimulator";
				SUPPORTS_MACCATALYST = NO;
				SUPPORTS_MAC_DESIGNED_FOR_IPHONE_IPAD = YES;
				SWIFT_EMIT_LOC_STRINGS = YES;
				SWIFT_VERSION = 5.0;
				TARGETED_DEVICE_FAMILY = "1,2";
			};
			name = Release;
		};
/* End XCBuildConfiguration section */

/* Begin XCConfigurationList section */
		6819B7ED2BD85431009255A0 /* Build configuration list for PBXProject "Ai Pin" */ = {
			isa = XCConfigurationList;
			buildConfigurations = (
				6819B7FF2BD85432009255A0 /* Debug */,
				6819B8002BD85432009255A0 /* Release */,
			);
			defaultConfigurationIsVisible = 0;
			defaultConfigurationName = Release;
		};
		6819B8012BD85432009255A0 /* Build configuration list for PBXNativeTarget "Ai Pin" */ = {
			isa = XCConfigurationList;
			buildConfigurations = (
				6819B8022BD85432009255A0 /* Debug */,
				6819B8032BD85432009255A0 /* Release */,
			);
			defaultConfigurationIsVisible = 0;
			defaultConfigurationName = Release;
		};
/* End XCConfigurationList section */

/* Begin XCRemoteSwiftPackageReference section */
		68C85B812BDCB2670029A408 /* XCRemoteSwiftPackageReference "AnyCodable" */ = {
			isa = XCRemoteSwiftPackageReference;
			repositoryURL = "https://github.com/Flight-School/AnyCodable";
			requirement = {
				kind = upToNextMajorVersion;
				minimumVersion = 0.6.7;
			};
		};
/* End XCRemoteSwiftPackageReference section */

/* Begin XCSwiftPackageProductDependency section */
		68C85B822BDCB2670029A408 /* AnyCodable */ = {
			isa = XCSwiftPackageProductDependency;
			package = 68C85B812BDCB2670029A408 /* XCRemoteSwiftPackageReference "AnyCodable" */;
			productName = AnyCodable;
		};
/* End XCSwiftPackageProductDependency section */
	};
	rootObject = 6819B7EA2BD85431009255A0 /* Project object */;
}
